
Microsoft Visual Studio Solution File, Format Version 12.00
# Visual Studio Version 17
VisualStudioVersion = 17.5.33516.290
MinimumVisualStudioVersion = 10.0.40219.1
Project("{FAE04EC0-301F-11D3-BF4B-00C04F79EFBC}") = "DDOS", "DDOS.csproj", "{71B291EB-1BE3-4F0E-B8AA-72DD08A5DC93}"
EndProject
Global
	GlobalSection(SolutionConfigurationPlatforms) = preSolution
		Debug|Any CPU = Debug|Any CPU
		Release|Any CPU = Release|Any CPU
	EndGlobalSection
	GlobalSection(ProjectConfigurationPlatforms) = postSolution
		{71B291EB-1BE3-4F0E-B8AA-72DD08A5DC93}.Debug|Any CPU.ActiveCfg = Debug|Any CPU
		{71B291EB-1BE3-4F0E-B8AA-72DD08A5DC93}.Debug|Any CPU.Build.0 = Debug|Any CPU
		{71B291EB-1BE3-4F0E-B8AA-72DD08A5DC93}.Release|Any CPU.ActiveCfg = Release|Any CPU
		{71B291EB-1BE3-4F0E-B8AA-72DD08A5DC93}.Release|Any CPU.Build.0 = Release|Any CPU
	EndGlobalSection
	GlobalSection(SolutionProperties) = preSolution
		HideSolutionNode = FALSE
	EndGlobalSection
	GlobalSection(ExtensibilityGlobals) = postSolution
		SolutionGuid = {1DB3BF0F-9D71-4295-9F9C-FE2D3029E4E1}
	EndGlobalSection
EndGlobal
