
Microsoft Visual Studio Solution File, Format Version 12.00
# Visual Studio Version 17
VisualStudioVersion = 17.5.33502.453
MinimumVisualStudioVersion = 10.0.40219.1
Project("{FAE04EC0-301F-11D3-BF4B-00C04F79EFBC}") = "URL to IP", "URL to IP.csproj", "{C07983C1-45E7-4AF4-B721-AA28F874D09A}"
EndProject
Global
	GlobalSection(SolutionConfigurationPlatforms) = preSolution
		Debug|Any CPU = Debug|Any CPU
		Release|Any CPU = Release|Any CPU
	EndGlobalSection
	GlobalSection(ProjectConfigurationPlatforms) = postSolution
		{C07983C1-45E7-4AF4-B721-AA28F874D09A}.Debug|Any CPU.ActiveCfg = Debug|Any CPU
		{C07983C1-45E7-4AF4-B721-AA28F874D09A}.Debug|Any CPU.Build.0 = Debug|Any CPU
		{C07983C1-45E7-4AF4-B721-AA28F874D09A}.Release|Any CPU.ActiveCfg = Release|Any CPU
		{C07983C1-45E7-4AF4-B721-AA28F874D09A}.Release|Any CPU.Build.0 = Release|Any CPU
	EndGlobalSection
	GlobalSection(SolutionProperties) = preSolution
		HideSolutionNode = FALSE
	EndGlobalSection
	GlobalSection(ExtensibilityGlobals) = postSolution
		SolutionGuid = {577C2E17-A276-4FCC-9349-68736F42E021}
	EndGlobalSection
EndGlobal
